
Microsoft Visual Studio Solution File, Format Version 12.00
# Visual Studio Version 16
VisualStudioVersion = 16.0.29411.108
MinimumVisualStudioVersion = 10.0.40219.1
Project("{FAE04EC0-301F-11D3-BF4B-00C04F79EFBC}") = "DataAccessLayer", "DataAccessLayer\DataAccessLayer.csproj", "{FEE9B83E-9FD0-4971-84FD-91C9F0FCD662}"
EndProject
Project("{FAE04EC0-301F-11D3-BF4B-00C04F79EFBC}") = "WebServiceLayer", "WebServiceLayer\WebServiceLayer.csproj", "{5578906C-9EA8-4999-88BC-6906189DBEA9}"
EndProject
Global
	GlobalSection(SolutionConfigurationPlatforms) = preSolution
		Debug|Any CPU = Debug|Any CPU
		Release|Any CPU = Release|Any CPU
	EndGlobalSection
	GlobalSection(ProjectConfigurationPlatforms) = postSolution
		{FEE9B83E-9FD0-4971-84FD-91C9F0FCD662}.Debug|Any CPU.ActiveCfg = Debug|Any CPU
		{FEE9B83E-9FD0-4971-84FD-91C9F0FCD662}.Debug|Any CPU.Build.0 = Debug|Any CPU
		{FEE9B83E-9FD0-4971-84FD-91C9F0FCD662}.Release|Any CPU.ActiveCfg = Release|Any CPU
		{FEE9B83E-9FD0-4971-84FD-91C9F0FCD662}.Release|Any CPU.Build.0 = Release|Any CPU
		{5578906C-9EA8-4999-88BC-6906189DBEA9}.Debug|Any CPU.ActiveCfg = Debug|Any CPU
		{5578906C-9EA8-4999-88BC-6906189DBEA9}.Debug|Any CPU.Build.0 = Debug|Any CPU
		{5578906C-9EA8-4999-88BC-6906189DBEA9}.Release|Any CPU.ActiveCfg = Release|Any CPU
		{5578906C-9EA8-4999-88BC-6906189DBEA9}.Release|Any CPU.Build.0 = Release|Any CPU
	EndGlobalSection
	GlobalSection(SolutionProperties) = preSolution
		HideSolutionNode = FALSE
	EndGlobalSection
	GlobalSection(ExtensibilityGlobals) = postSolution
		SolutionGuid = {87FF89BF-E4E5-4C2A-9DB0-BD27E98B9346}
	EndGlobalSection
EndGlobal
